{"version":4,"terraform_version":"1.11.5","serial":9,"lineage":"762c74a9-9c53-de30-4afc-00c776bd0db1","outputs":{"red_kali":{"value":{"RED-KALI-01":{"addresses":"10.10.10.166","fixed_ip":"10.10.10.166","id":"b1945d9f-3dcc-4220-b078-72137a25cf9a"},"RED-KALI-02":{"addresses":"10.10.10.167","fixed_ip":"10.10.10.167","id":"1a357e5a-2cfe-44aa-8de8-09147cab9814"},"RED-KALI-03":{"addresses":"10.10.10.168","fixed_ip":"10.10.10.168","id":"e12c2951-ce87-46ad-b0b5-8c03efd35776"},"RED-KALI-04":{"addresses":"10.10.10.169","fixed_ip":"10.10.10.169","id":"0e033e14-3d27-4a7b-be05-e867b422a1e1"},"RED-KALI-05":{"addresses":"10.10.10.170","fixed_ip":"10.10.10.170","id":"f7dac901-76ee-4163-9347-ea6e3b28b9fd"},"RED-KALI-06":{"addresses":"10.10.10.171","fixed_ip":"10.10.10.171","id":"8203f6cb-f2c2-434b-b3eb-10400ebc5c1d"},"RED-KALI-07":{"addresses":"10.10.10.176","fixed_ip":"10.10.10.176","id":"92396205-9fd4-40f8-befd-da683b26cdf6"}},"type":["map",["object",{"addresses":"string","fixed_ip":"string","id":"string"}]]},"red_windows":{"value":{"RED-WIN-01":{"addresses":"10.10.10.172","fixed_ip":"10.10.10.172","id":"be344b29-600c-4225-b811-7cb5982d8f83"},"RED-WIN-02":{"addresses":"10.10.10.173","fixed_ip":"10.10.10.173","id":"15bd998b-2173-427e-b793-0418b5d8f8dd"},"RED-WIN-03":{"addresses":"10.10.10.174","fixed_ip":"10.10.10.174","id":"bdfedfc2-173b-4edf-9bad-2f70999329c0"},"RED-WIN-04":{"addresses":"10.10.10.175","fixed_ip":"10.10.10.175","id":"7d1ccbd1-68a5-4eda-8746-b47cc90884d8"}},"type":["object",{"RED-WIN-01":["object",{"addresses":"string","fixed_ip":"string","id":"string"}],"RED-WIN-02":["object",{"addresses":"string","fixed_ip":"string","id":"string"}],"RED-WIN-03":["object",{"addresses":"string","fixed_ip":"string","id":"string"}],"RED-WIN-04":["object",{"addresses":"string","fixed_ip":"string","id":"string"}]}]},"workstation_floating_ips":{"value":{},"type":["object",{}]},"workstation_main_nat_interface_ips":{"value":{},"type":["object",{}]}},"resources":[{"mode":"data","type":"external","name":"check_credentials","provider":"provider[\"registry.opentofu.org/hashicorp/external\"]","instances":[{"schema_version":0,"attributes":{"id":"-","program":["bash","-c","# Check if environment variables are set\nif [ -z \"$OS_APPLICATION_CREDENTIAL_ID\" ] || [ -z \"$OS_APPLICATION_CREDENTIAL_SECRET\" ]; then\n  echo \"\" \u003e\u00262\n  echo \"━━━━━━━━━━━━━━━━━━━━━━━━━━━━━━━━━━━━━━━━━━━━━━━━━━━━━━━━━━━━━━━━━━\" \u003e\u00262\n  echo \"❌ ERROR: OpenStack credentials not loaded!\" \u003e\u00262\n  echo \"━━━━━━━━━━━━━━━━━━━━━━━━━━━━━━━━━━━━━━━━━━━━━━━━━━━━━━━━━━━━━━━━━━\" \u003e\u00262\n  echo \"\" \u003e\u00262\n  echo \"You must source the credentials file before running tofu commands:\" \u003e\u00262\n  echo \"\" \u003e\u00262\n  echo \"    source ../app-cred-openrc.sh\" \u003e\u00262\n  echo \"\" \u003e\u00262\n  echo \"Then try running your tofu command again.\" \u003e\u00262\n  echo \"\" \u003e\u00262\n  echo \"If you don't have the credentials file yet:\" \u003e\u00262\n  echo \"  1. Go to: https://openstack.cyberrange.rit.edu\" \u003e\u00262\n  echo \"  2. Navigate to: Identity → Application Credentials\" \u003e\u00262\n  echo \"  3. Create a new credential and download the openrc file\" \u003e\u00262\n  echo \"  4. Move it to the project root and run: ./quick-start.sh\" \u003e\u00262\n  echo \"\" \u003e\u00262\n  echo \"━━━━━━━━━━━━━━━━━━━━━━━━━━━━━━━━━━━━━━━━━━━━━━━━━━━━━━━━━━━━━━━━━━\" \u003e\u00262\n  exit 1\nfi\n\n# Return valid JSON if credentials are set\necho '{\"status\":\"ok\"}'\n"],"query":null,"result":{"status":"ok"},"working_dir":null},"sensitive_attributes":[]}]},{"mode":"data","type":"openstack_networking_network_v2","name":"floating_pool","provider":"provider[\"registry.opentofu.org/terraform-provider-openstack/openstack\"]","instances":[{"schema_version":0,"attributes":{"admin_state_up":"true","all_tags":[],"availability_zone_hints":[],"description":"","dns_domain":"","external":true,"id":"2f96295c-34f6-49a2-b5cf-7f5b407be0c8","matching_subnet_cidr":null,"mtu":1500,"name":"MAIN-NAT","network_id":"2f96295c-34f6-49a2-b5cf-7f5b407be0c8","region":"CyberRange","segments":[],"shared":"true","status":null,"subnets":["fbf166e0-4b80-420b-b346-521e5a06ad0e"],"tags":null,"tenant_id":"488a9396dd1346418c077d5e8b299ca7","transparent_vlan":false},"sensitive_attributes":[]}]},{"mode":"managed","type":"openstack_compute_instance_v2","name":"red_kali","provider":"provider[\"registry.opentofu.org/terraform-provider-openstack/openstack\"].red","instances":[{"index_key":"01","schema_version":0,"attributes":{"access_ip_v4":"10.10.10.166","access_ip_v6":"","admin_pass":null,"all_metadata":{"os":"kali","role":"workstation","team":"red"},"all_tags":[],"availability_zone":"nova","availability_zone_hints":null,"block_device":[],"config_drive":true,"created":"2026-04-08 18:56:26 +0000 UTC","flavor_id":"99e6ce94-23fd-49aa-9d39-b87562583fcd","flavor_name":"large","force_delete":false,"hypervisor_hostname":"","id":"b1945d9f-3dcc-4220-b078-72137a25cf9a","image_id":"56900eb1-e0b2-46fc-ac61-4839f231eb4d","image_name":"Kali2025","key_pair":"","metadata":{"os":"kali","role":"workstation","team":"red"},"name":"RED-KALI-01","network":[{"access_network":false,"fixed_ip_v4":"10.10.10.166","fixed_ip_v6":"","mac":"fa:16:3e:6f:1b:ed","name":"SCPmainnet","port":"","uuid":"ec2ac4a5-e5af-464c-bb0c-f65bad9e2f43"}],"network_mode":null,"personality":[],"power_state":"active","region":"CyberRange","scheduler_hints":[],"security_groups":["default","red-workstations-ssh-REPLACE_"],"stop_before_destroy":false,"tags":null,"timeouts":null,"updated":"2026-04-08 18:57:18 +0000 UTC","user_data":"34c6592d5429c85180dcd213a6b766779931b0ee","vendor_options":[]},"sensitive_attributes":[[{"type":"get_attr","value":"admin_pass"}],[{"type":"get_attr","value":"user_data"}]],"private":"eyJlMmJmYjczMC1lY2FhLTExZTYtOGY4OC0zNDM2M2JjN2M0YzAiOnsiY3JlYXRlIjoxODAwMDAwMDAwMDAwLCJkZWxldGUiOjE4MDAwMDAwMDAwMDAsInVwZGF0ZSI6MTgwMDAwMDAwMDAwMH19","dependencies":["data.external.check_credentials","openstack_networking_secgroup_v2.red_workstations_ssh"]},{"index_key":"02","schema_version":0,"attributes":{"access_ip_v4":"10.10.10.167","access_ip_v6":"","admin_pass":null,"all_metadata":{"os":"kali","role":"workstation","team":"red"},"all_tags":[],"availability_zone":"nova","availability_zone_hints":null,"block_device":[],"config_drive":true,"created":"2026-04-08 18:56:26 +0000 UTC","flavor_id":"99e6ce94-23fd-49aa-9d39-b87562583fcd","flavor_name":"large","force_delete":false,"hypervisor_hostname":"","id":"1a357e5a-2cfe-44aa-8de8-09147cab9814","image_id":"56900eb1-e0b2-46fc-ac61-4839f231eb4d","image_name":"Kali2025","key_pair":"","metadata":{"os":"kali","role":"workstation","team":"red"},"name":"RED-KALI-02","network":[{"access_network":false,"fixed_ip_v4":"10.10.10.167","fixed_ip_v6":"","mac":"fa:16:3e:6b:cf:b9","name":"SCPmainnet","port":"","uuid":"ec2ac4a5-e5af-464c-bb0c-f65bad9e2f43"}],"network_mode":null,"personality":[],"power_state":"active","region":"CyberRange","scheduler_hints":[],"security_groups":["default","red-workstations-ssh-REPLACE_"],"stop_before_destroy":false,"tags":null,"timeouts":null,"updated":"2026-04-08 18:56:58 +0000 UTC","user_data":"34c6592d5429c85180dcd213a6b766779931b0ee","vendor_options":[]},"sensitive_attributes":[[{"type":"get_attr","value":"admin_pass"}],[{"type":"get_attr","value":"user_data"}]],"private":"eyJlMmJmYjczMC1lY2FhLTExZTYtOGY4OC0zNDM2M2JjN2M0YzAiOnsiY3JlYXRlIjoxODAwMDAwMDAwMDAwLCJkZWxldGUiOjE4MDAwMDAwMDAwMDAsInVwZGF0ZSI6MTgwMDAwMDAwMDAwMH19","dependencies":["data.external.check_credentials","openstack_networking_secgroup_v2.red_workstations_ssh"]},{"index_key":"03","schema_version":0,"attributes":{"access_ip_v4":"10.10.10.168","access_ip_v6":"","admin_pass":null,"all_metadata":{"os":"kali","role":"workstation","team":"red"},"all_tags":[],"availability_zone":"nova","availability_zone_hints":null,"block_device":[],"config_drive":true,"created":"2026-04-08 18:56:26 +0000 UTC","flavor_id":"99e6ce94-23fd-49aa-9d39-b87562583fcd","flavor_name":"large","force_delete":false,"hypervisor_hostname":"","id":"e12c2951-ce87-46ad-b0b5-8c03efd35776","image_id":"56900eb1-e0b2-46fc-ac61-4839f231eb4d","image_name":"Kali2025","key_pair":"","metadata":{"os":"kali","role":"workstation","team":"red"},"name":"RED-KALI-03","network":[{"access_network":false,"fixed_ip_v4":"10.10.10.168","fixed_ip_v6":"","mac":"fa:16:3e:02:d2:a1","name":"SCPmainnet","port":"","uuid":"ec2ac4a5-e5af-464c-bb0c-f65bad9e2f43"}],"network_mode":null,"personality":[],"power_state":"active","region":"CyberRange","scheduler_hints":[],"security_groups":["default","red-workstations-ssh-REPLACE_"],"stop_before_destroy":false,"tags":null,"timeouts":null,"updated":"2026-04-08 18:57:03 +0000 UTC","user_data":"34c6592d5429c85180dcd213a6b766779931b0ee","vendor_options":[]},"sensitive_attributes":[[{"type":"get_attr","value":"admin_pass"}],[{"type":"get_attr","value":"user_data"}]],"private":"eyJlMmJmYjczMC1lY2FhLTExZTYtOGY4OC0zNDM2M2JjN2M0YzAiOnsiY3JlYXRlIjoxODAwMDAwMDAwMDAwLCJkZWxldGUiOjE4MDAwMDAwMDAwMDAsInVwZGF0ZSI6MTgwMDAwMDAwMDAwMH19","dependencies":["data.external.check_credentials","openstack_networking_secgroup_v2.red_workstations_ssh"]},{"index_key":"04","schema_version":0,"attributes":{"access_ip_v4":"10.10.10.169","access_ip_v6":"","admin_pass":null,"all_metadata":{"os":"kali","role":"workstation","team":"red"},"all_tags":[],"availability_zone":"nova","availability_zone_hints":null,"block_device":[],"config_drive":true,"created":"2026-04-08 18:56:26 +0000 UTC","flavor_id":"99e6ce94-23fd-49aa-9d39-b87562583fcd","flavor_name":"large","force_delete":false,"hypervisor_hostname":"","id":"0e033e14-3d27-4a7b-be05-e867b422a1e1","image_id":"56900eb1-e0b2-46fc-ac61-4839f231eb4d","image_name":"Kali2025","key_pair":"","metadata":{"os":"kali","role":"workstation","team":"red"},"name":"RED-KALI-04","network":[{"access_network":false,"fixed_ip_v4":"10.10.10.169","fixed_ip_v6":"","mac":"fa:16:3e:b7:13:b3","name":"SCPmainnet","port":"","uuid":"ec2ac4a5-e5af-464c-bb0c-f65bad9e2f43"}],"network_mode":null,"personality":[],"power_state":"active","region":"CyberRange","scheduler_hints":[],"security_groups":["default","red-workstations-ssh-REPLACE_"],"stop_before_destroy":false,"tags":null,"timeouts":null,"updated":"2026-04-08 18:57:13 +0000 UTC","user_data":"34c6592d5429c85180dcd213a6b766779931b0ee","vendor_options":[]},"sensitive_attributes":[[{"type":"get_attr","value":"admin_pass"}],[{"type":"get_attr","value":"user_data"}]],"private":"eyJlMmJmYjczMC1lY2FhLTExZTYtOGY4OC0zNDM2M2JjN2M0YzAiOnsiY3JlYXRlIjoxODAwMDAwMDAwMDAwLCJkZWxldGUiOjE4MDAwMDAwMDAwMDAsInVwZGF0ZSI6MTgwMDAwMDAwMDAwMH19","dependencies":["data.external.check_credentials","openstack_networking_secgroup_v2.red_workstations_ssh"]},{"index_key":"05","schema_version":0,"attributes":{"access_ip_v4":"10.10.10.170","access_ip_v6":"","admin_pass":null,"all_metadata":{"os":"kali","role":"workstation","team":"red"},"all_tags":[],"availability_zone":"nova","availability_zone_hints":null,"block_device":[],"config_drive":true,"created":"2026-04-08 18:56:26 +0000 UTC","flavor_id":"99e6ce94-23fd-49aa-9d39-b87562583fcd","flavor_name":"large","force_delete":false,"hypervisor_hostname":"","id":"f7dac901-76ee-4163-9347-ea6e3b28b9fd","image_id":"56900eb1-e0b2-46fc-ac61-4839f231eb4d","image_name":"Kali2025","key_pair":"","metadata":{"os":"kali","role":"workstation","team":"red"},"name":"RED-KALI-05","network":[{"access_network":false,"fixed_ip_v4":"10.10.10.170","fixed_ip_v6":"","mac":"fa:16:3e:a3:7a:a8","name":"SCPmainnet","port":"","uuid":"ec2ac4a5-e5af-464c-bb0c-f65bad9e2f43"}],"network_mode":null,"personality":[],"power_state":"active","region":"CyberRange","scheduler_hints":[],"security_groups":["default","red-workstations-ssh-REPLACE_"],"stop_before_destroy":false,"tags":null,"timeouts":null,"updated":"2026-04-08 18:56:53 +0000 UTC","user_data":"34c6592d5429c85180dcd213a6b766779931b0ee","vendor_options":[]},"sensitive_attributes":[[{"type":"get_attr","value":"admin_pass"}],[{"type":"get_attr","value":"user_data"}]],"private":"eyJlMmJmYjczMC1lY2FhLTExZTYtOGY4OC0zNDM2M2JjN2M0YzAiOnsiY3JlYXRlIjoxODAwMDAwMDAwMDAwLCJkZWxldGUiOjE4MDAwMDAwMDAwMDAsInVwZGF0ZSI6MTgwMDAwMDAwMDAwMH19","dependencies":["data.external.check_credentials","openstack_networking_secgroup_v2.red_workstations_ssh"]},{"index_key":"06","schema_version":0,"attributes":{"access_ip_v4":"10.10.10.171","access_ip_v6":"","admin_pass":null,"all_metadata":{"os":"kali","role":"workstation","team":"red"},"all_tags":[],"availability_zone":"nova","availability_zone_hints":null,"block_device":[],"config_drive":true,"created":"2026-04-08 18:56:26 +0000 UTC","flavor_id":"99e6ce94-23fd-49aa-9d39-b87562583fcd","flavor_name":"large","force_delete":false,"hypervisor_hostname":"","id":"8203f6cb-f2c2-434b-b3eb-10400ebc5c1d","image_id":"56900eb1-e0b2-46fc-ac61-4839f231eb4d","image_name":"Kali2025","key_pair":"","metadata":{"os":"kali","role":"workstation","team":"red"},"name":"RED-KALI-06","network":[{"access_network":false,"fixed_ip_v4":"10.10.10.171","fixed_ip_v6":"","mac":"fa:16:3e:f1:a4:a7","name":"SCPmainnet","port":"","uuid":"ec2ac4a5-e5af-464c-bb0c-f65bad9e2f43"}],"network_mode":null,"personality":[],"power_state":"active","region":"CyberRange","scheduler_hints":[],"security_groups":["default","red-workstations-ssh-REPLACE_"],"stop_before_destroy":false,"tags":null,"timeouts":null,"updated":"2026-04-08 18:57:08 +0000 UTC","user_data":"34c6592d5429c85180dcd213a6b766779931b0ee","vendor_options":[]},"sensitive_attributes":[[{"type":"get_attr","value":"admin_pass"}],[{"type":"get_attr","value":"user_data"}]],"private":"eyJlMmJmYjczMC1lY2FhLTExZTYtOGY4OC0zNDM2M2JjN2M0YzAiOnsiY3JlYXRlIjoxODAwMDAwMDAwMDAwLCJkZWxldGUiOjE4MDAwMDAwMDAwMDAsInVwZGF0ZSI6MTgwMDAwMDAwMDAwMH19","dependencies":["data.external.check_credentials","openstack_networking_secgroup_v2.red_workstations_ssh"]},{"index_key":"07","schema_version":0,"attributes":{"access_ip_v4":"10.10.10.176","access_ip_v6":"","admin_pass":null,"all_metadata":{"os":"kali","role":"workstation","team":"red"},"all_tags":[],"availability_zone":"nova","availability_zone_hints":null,"block_device":[],"config_drive":true,"created":"2026-04-09 00:39:06 +0000 UTC","flavor_id":"99e6ce94-23fd-49aa-9d39-b87562583fcd","flavor_name":"large","force_delete":false,"hypervisor_hostname":"","id":"92396205-9fd4-40f8-befd-da683b26cdf6","image_id":"56900eb1-e0b2-46fc-ac61-4839f231eb4d","image_name":"Kali2025","key_pair":"","metadata":{"os":"kali","role":"workstation","team":"red"},"name":"RED-KALI-07","network":[{"access_network":false,"fixed_ip_v4":"10.10.10.176","fixed_ip_v6":"","mac":"fa:16:3e:77:c0:7d","name":"SCPmainnet","port":"","uuid":"ec2ac4a5-e5af-464c-bb0c-f65bad9e2f43"}],"network_mode":null,"personality":[],"power_state":"active","region":"CyberRange","scheduler_hints":[],"security_groups":["default","red-workstations-ssh-7564cb86"],"stop_before_destroy":false,"tags":null,"timeouts":null,"updated":"2026-04-09 00:39:21 +0000 UTC","user_data":"34c6592d5429c85180dcd213a6b766779931b0ee","vendor_options":[]},"sensitive_attributes":[[{"type":"get_attr","value":"admin_pass"}],[{"type":"get_attr","value":"user_data"}]],"private":"eyJlMmJmYjczMC1lY2FhLTExZTYtOGY4OC0zNDM2M2JjN2M0YzAiOnsiY3JlYXRlIjoxODAwMDAwMDAwMDAwLCJkZWxldGUiOjE4MDAwMDAwMDAwMDAsInVwZGF0ZSI6MTgwMDAwMDAwMDAwMH19","dependencies":["data.external.check_credentials","openstack_networking_secgroup_v2.red_workstations_ssh"]}]},{"mode":"managed","type":"openstack_compute_instance_v2","name":"red_windows","provider":"provider[\"registry.opentofu.org/terraform-provider-openstack/openstack\"].red","instances":[{"index_key":"01","schema_version":0,"attributes":{"access_ip_v4":"10.10.10.172","access_ip_v6":"","admin_pass":null,"all_metadata":{"os":"windows11","role":"workstation","team":"red"},"all_tags":[],"availability_zone":"nova","availability_zone_hints":null,"block_device":[],"config_drive":null,"created":"2026-04-08 18:56:27 +0000 UTC","flavor_id":"99e6ce94-23fd-49aa-9d39-b87562583fcd","flavor_name":"large","force_delete":false,"hypervisor_hostname":"","id":"be344b29-600c-4225-b811-7cb5982d8f83","image_id":"3fec0cb3-c07c-4407-b01d-8265fce98cd3","image_name":"Windows11","key_pair":"","metadata":{"os":"windows11","role":"workstation","team":"red"},"name":"RED-WIN-01","network":[{"access_network":false,"fixed_ip_v4":"10.10.10.172","fixed_ip_v6":"","mac":"fa:16:3e:ba:bc:b8","name":"SCPmainnet","port":"","uuid":"ec2ac4a5-e5af-464c-bb0c-f65bad9e2f43"}],"network_mode":null,"personality":[],"power_state":"active","region":"CyberRange","scheduler_hints":[],"security_groups":["default","red-workstations-ssh-REPLACE_"],"stop_before_destroy":false,"tags":null,"timeouts":null,"updated":"2026-04-08 18:57:23 +0000 UTC","user_data":null,"vendor_options":[]},"sensitive_attributes":[[{"type":"get_attr","value":"admin_pass"}]],"private":"eyJlMmJmYjczMC1lY2FhLTExZTYtOGY4OC0zNDM2M2JjN2M0YzAiOnsiY3JlYXRlIjoxODAwMDAwMDAwMDAwLCJkZWxldGUiOjE4MDAwMDAwMDAwMDAsInVwZGF0ZSI6MTgwMDAwMDAwMDAwMH19","dependencies":["data.external.check_credentials","openstack_networking_secgroup_v2.red_workstations_ssh"]},{"index_key":"02","schema_version":0,"attributes":{"access_ip_v4":"10.10.10.173","access_ip_v6":"","admin_pass":null,"all_metadata":{"os":"windows11","role":"workstation","team":"red"},"all_tags":[],"availability_zone":"nova","availability_zone_hints":null,"block_device":[],"config_drive":null,"created":"2026-04-08 18:56:28 +0000 UTC","flavor_id":"99e6ce94-23fd-49aa-9d39-b87562583fcd","flavor_name":"large","force_delete":false,"hypervisor_hostname":"","id":"15bd998b-2173-427e-b793-0418b5d8f8dd","image_id":"3fec0cb3-c07c-4407-b01d-8265fce98cd3","image_name":"Windows11","key_pair":"","metadata":{"os":"windows11","role":"workstation","team":"red"},"name":"RED-WIN-02","network":[{"access_network":false,"fixed_ip_v4":"10.10.10.173","fixed_ip_v6":"","mac":"fa:16:3e:1e:2e:b7","name":"SCPmainnet","port":"","uuid":"ec2ac4a5-e5af-464c-bb0c-f65bad9e2f43"}],"network_mode":null,"personality":[],"power_state":"active","region":"CyberRange","scheduler_hints":[],"security_groups":["default","red-workstations-ssh-REPLACE_"],"stop_before_destroy":false,"tags":null,"timeouts":null,"updated":"2026-04-08 18:57:26 +0000 UTC","user_data":null,"vendor_options":[]},"sensitive_attributes":[[{"type":"get_attr","value":"admin_pass"}]],"private":"eyJlMmJmYjczMC1lY2FhLTExZTYtOGY4OC0zNDM2M2JjN2M0YzAiOnsiY3JlYXRlIjoxODAwMDAwMDAwMDAwLCJkZWxldGUiOjE4MDAwMDAwMDAwMDAsInVwZGF0ZSI6MTgwMDAwMDAwMDAwMH19","dependencies":["data.external.check_credentials","openstack_networking_secgroup_v2.red_workstations_ssh"]},{"index_key":"03","schema_version":0,"attributes":{"access_ip_v4":"10.10.10.174","access_ip_v6":"","admin_pass":null,"all_metadata":{"os":"windows11","role":"workstation","team":"red"},"all_tags":[],"availability_zone":"nova","availability_zone_hints":null,"block_device":[],"config_drive":null,"created":"2026-04-08 18:56:26 +0000 UTC","flavor_id":"99e6ce94-23fd-49aa-9d39-b87562583fcd","flavor_name":"large","force_delete":false,"hypervisor_hostname":"","id":"bdfedfc2-173b-4edf-9bad-2f70999329c0","image_id":"3fec0cb3-c07c-4407-b01d-8265fce98cd3","image_name":"Windows11","key_pair":"","metadata":{"os":"windows11","role":"workstation","team":"red"},"name":"RED-WIN-03","network":[{"access_network":false,"fixed_ip_v4":"10.10.10.174","fixed_ip_v6":"","mac":"fa:16:3e:80:97:a3","name":"SCPmainnet","port":"","uuid":"ec2ac4a5-e5af-464c-bb0c-f65bad9e2f43"}],"network_mode":null,"personality":[],"power_state":"active","region":"CyberRange","scheduler_hints":[],"security_groups":["default","red-workstations-ssh-REPLACE_"],"stop_before_destroy":false,"tags":null,"timeouts":null,"updated":"2026-04-08 18:56:42 +0000 UTC","user_data":null,"vendor_options":[]},"sensitive_attributes":[[{"type":"get_attr","value":"admin_pass"}]],"private":"eyJlMmJmYjczMC1lY2FhLTExZTYtOGY4OC0zNDM2M2JjN2M0YzAiOnsiY3JlYXRlIjoxODAwMDAwMDAwMDAwLCJkZWxldGUiOjE4MDAwMDAwMDAwMDAsInVwZGF0ZSI6MTgwMDAwMDAwMDAwMH19","dependencies":["data.external.check_credentials","openstack_networking_secgroup_v2.red_workstations_ssh"]},{"index_key":"04","schema_version":0,"attributes":{"access_ip_v4":"10.10.10.175","access_ip_v6":"","admin_pass":null,"all_metadata":{"os":"windows11","role":"workstation","team":"red"},"all_tags":[],"availability_zone":"nova","availability_zone_hints":null,"block_device":[],"config_drive":null,"created":"2026-04-08 18:56:26 +0000 UTC","flavor_id":"99e6ce94-23fd-49aa-9d39-b87562583fcd","flavor_name":"large","force_delete":false,"hypervisor_hostname":"","id":"7d1ccbd1-68a5-4eda-8746-b47cc90884d8","image_id":"3fec0cb3-c07c-4407-b01d-8265fce98cd3","image_name":"Windows11","key_pair":"","metadata":{"os":"windows11","role":"workstation","team":"red"},"name":"RED-WIN-04","network":[{"access_network":false,"fixed_ip_v4":"10.10.10.175","fixed_ip_v6":"","mac":"fa:16:3e:9d:65:80","name":"SCPmainnet","port":"","uuid":"ec2ac4a5-e5af-464c-bb0c-f65bad9e2f43"}],"network_mode":null,"personality":[],"power_state":"active","region":"CyberRange","scheduler_hints":[],"security_groups":["default","red-workstations-ssh-REPLACE_"],"stop_before_destroy":false,"tags":null,"timeouts":null,"updated":"2026-04-08 18:56:48 +0000 UTC","user_data":null,"vendor_options":[]},"sensitive_attributes":[[{"type":"get_attr","value":"admin_pass"}]],"private":"eyJlMmJmYjczMC1lY2FhLTExZTYtOGY4OC0zNDM2M2JjN2M0YzAiOnsiY3JlYXRlIjoxODAwMDAwMDAwMDAwLCJkZWxldGUiOjE4MDAwMDAwMDAwMDAsInVwZGF0ZSI6MTgwMDAwMDAwMDAwMH19","dependencies":["data.external.check_credentials","openstack_networking_secgroup_v2.red_workstations_ssh"]}]},{"mode":"managed","type":"openstack_compute_interface_attach_v2","name":"red_windows_main_nat","provider":"provider[\"registry.opentofu.org/terraform-provider-openstack/openstack\"].red","instances":[{"index_key":"01","schema_version":0,"attributes":{"fixed_ip":"100.65.8.51","id":"be344b29-600c-4225-b811-7cb5982d8f83/734cfe6a-62cf-4496-82e6-cccce3b73fcb","instance_id":"be344b29-600c-4225-b811-7cb5982d8f83","network_id":"2f96295c-34f6-49a2-b5cf-7f5b407be0c8","port_id":"734cfe6a-62cf-4496-82e6-cccce3b73fcb","region":"CyberRange","timeouts":null},"sensitive_attributes":[],"private":"eyJlMmJmYjczMC1lY2FhLTExZTYtOGY4OC0zNDM2M2JjN2M0YzAiOnsiY3JlYXRlIjo2MDAwMDAwMDAwMDAsImRlbGV0ZSI6NjAwMDAwMDAwMDAwfX0=","dependencies":["data.external.check_credentials","openstack_compute_instance_v2.red_windows","openstack_networking_secgroup_v2.red_workstations_ssh"]},{"index_key":"02","schema_version":0,"attributes":{"fixed_ip":"100.65.6.31","id":"15bd998b-2173-427e-b793-0418b5d8f8dd/579142fe-1c24-4635-a72c-40a62b0ff643","instance_id":"15bd998b-2173-427e-b793-0418b5d8f8dd","network_id":"2f96295c-34f6-49a2-b5cf-7f5b407be0c8","port_id":"579142fe-1c24-4635-a72c-40a62b0ff643","region":"CyberRange","timeouts":null},"sensitive_attributes":[],"private":"eyJlMmJmYjczMC1lY2FhLTExZTYtOGY4OC0zNDM2M2JjN2M0YzAiOnsiY3JlYXRlIjo2MDAwMDAwMDAwMDAsImRlbGV0ZSI6NjAwMDAwMDAwMDAwfX0=","dependencies":["data.external.check_credentials","openstack_compute_instance_v2.red_windows","openstack_networking_secgroup_v2.red_workstations_ssh"]},{"index_key":"03","schema_version":0,"attributes":{"fixed_ip":"100.65.4.35","id":"bdfedfc2-173b-4edf-9bad-2f70999329c0/93899faf-93a7-445b-bc1c-e600f139f01a","instance_id":"bdfedfc2-173b-4edf-9bad-2f70999329c0","network_id":"2f96295c-34f6-49a2-b5cf-7f5b407be0c8","port_id":"93899faf-93a7-445b-bc1c-e600f139f01a","region":"CyberRange","timeouts":null},"sensitive_attributes":[],"private":"eyJlMmJmYjczMC1lY2FhLTExZTYtOGY4OC0zNDM2M2JjN2M0YzAiOnsiY3JlYXRlIjo2MDAwMDAwMDAwMDAsImRlbGV0ZSI6NjAwMDAwMDAwMDAwfX0=","dependencies":["data.external.check_credentials","openstack_compute_instance_v2.red_windows","openstack_networking_secgroup_v2.red_workstations_ssh"]},{"index_key":"04","schema_version":0,"attributes":{"fixed_ip":"100.65.4.231","id":"7d1ccbd1-68a5-4eda-8746-b47cc90884d8/27f5fa56-d755-4fda-96e0-1d0138f439d9","instance_id":"7d1ccbd1-68a5-4eda-8746-b47cc90884d8","network_id":"2f96295c-34f6-49a2-b5cf-7f5b407be0c8","port_id":"27f5fa56-d755-4fda-96e0-1d0138f439d9","region":"CyberRange","timeouts":null},"sensitive_attributes":[],"private":"eyJlMmJmYjczMC1lY2FhLTExZTYtOGY4OC0zNDM2M2JjN2M0YzAiOnsiY3JlYXRlIjo2MDAwMDAwMDAwMDAsImRlbGV0ZSI6NjAwMDAwMDAwMDAwfX0=","dependencies":["data.external.check_credentials","openstack_compute_instance_v2.red_windows","openstack_networking_secgroup_v2.red_workstations_ssh"]}]},{"mode":"managed","type":"openstack_networking_secgroup_rule_v2","name":"red_workstations_ssh_ingress","provider":"provider[\"registry.opentofu.org/terraform-provider-openstack/openstack\"].red","instances":[{"index_key":"0.0.0.0/0","schema_version":0,"attributes":{"description":"","direction":"ingress","ethertype":"IPv4","id":"add4fae2-5496-4b52-be3f-bdc1564f3b42","port_range_max":22,"port_range_min":22,"protocol":"tcp","region":"CyberRange","remote_address_group_id":"","remote_group_id":"","remote_ip_prefix":"0.0.0.0/0","security_group_id":"31d27813-62a2-424a-8b94-49f3a0eddeee","tenant_id":"e5c8122da40747928b67b707f5f00961","timeouts":null},"sensitive_attributes":[],"private":"eyJlMmJmYjczMC1lY2FhLTExZTYtOGY4OC0zNDM2M2JjN2M0YzAiOnsiZGVsZXRlIjo2MDAwMDAwMDAwMDB9fQ==","dependencies":["openstack_networking_secgroup_v2.red_workstations_ssh"]}]},{"mode":"managed","type":"openstack_networking_secgroup_v2","name":"red_workstations_ssh","provider":"provider[\"registry.opentofu.org/terraform-provider-openstack/openstack\"].red","instances":[{"index_key":0,"schema_version":0,"attributes":{"all_tags":[],"delete_default_rules":null,"description":"Allow SSH access to Red Team workstations.","id":"31d27813-62a2-424a-8b94-49f3a0eddeee","name":"red-workstations-ssh-7564cb86","region":"CyberRange","stateful":true,"tags":[],"tenant_id":"e5c8122da40747928b67b707f5f00961","timeouts":null},"sensitive_attributes":[],"private":"eyJlMmJmYjczMC1lY2FhLTExZTYtOGY4OC0zNDM2M2JjN2M0YzAiOnsiZGVsZXRlIjo2MDAwMDAwMDAwMDB9fQ=="}]}],"check_results":[{"object_kind":"var","config_addr":"var.plan_outputs_scope","status":"pass","objects":[{"object_addr":"var.plan_outputs_scope","status":"pass"}]}]}
