{"version":4,"terraform_version":"1.11.6","serial":3,"lineage":"4ec07403-530d-ab2a-bda1-e1768c79c330","outputs":{"blue_linux":{"value":{"BLUE-LIN-01":{"fixed_ip":"10.10.10.45","id":"b7cf992b-8524-48b2-bd29-ea4308a91442"},"BLUE-LIN-02":{"fixed_ip":"10.10.10.46","id":"1e742f18-1b39-420e-9313-a1cf2aba2b8d"},"BLUE-LIN-03":{"fixed_ip":"10.10.10.47","id":"0812d372-419b-4c9e-bd66-bcbcc468bc28"},"BLUE-LIN-04":{"fixed_ip":"10.10.10.48","id":"750e9dde-13f8-4055-8356-7044d42741ef"},"BLUE-LIN-05":{"fixed_ip":"10.10.10.49","id":"1228f7a6-85b1-4431-9112-b156463c5c7a"}},"type":["object",{"BLUE-LIN-01":["object",{"fixed_ip":"string","id":"string"}],"BLUE-LIN-02":["object",{"fixed_ip":"string","id":"string"}],"BLUE-LIN-03":["object",{"fixed_ip":"string","id":"string"}],"BLUE-LIN-04":["object",{"fixed_ip":"string","id":"string"}],"BLUE-LIN-05":["object",{"fixed_ip":"string","id":"string"}]}]}},"resources":[{"mode":"data","type":"openstack_networking_secgroup_v2","name":"blueteam","provider":"provider[\"registry.opentofu.org/terraform-provider-openstack/openstack\"].main","instances":[{"schema_version":0,"attributes":{"all_tags":[],"description":"Allow SSH access to Blue Team workstations.","id":"1a97364f-2a60-41df-94a5-9ad1e4ad881c","name":"blue-workstations-ssh","region":"CyberRange","secgroup_id":"1a97364f-2a60-41df-94a5-9ad1e4ad881c","stateful":true,"tags":null,"tenant_id":"e5c8122da40747928b67b707f5f00961"},"sensitive_attributes":[]}]},{"mode":"managed","type":"openstack_compute_instance_v2","name":"blue_linux","provider":"provider[\"registry.opentofu.org/terraform-provider-openstack/openstack\"].main","instances":[{"index_key":"01","schema_version":0,"attributes":{"access_ip_v4":"10.10.10.45","access_ip_v6":"","admin_pass":null,"all_metadata":{},"all_tags":[],"availability_zone":"nova","availability_zone_hints":null,"block_device":[],"config_drive":null,"created":"2026-04-17 23:13:22 +0000 UTC","flavor_id":"99e6ce94-23fd-49aa-9d39-b87562583fcd","flavor_name":"large","force_delete":false,"hypervisor_hostname":"","id":"b7cf992b-8524-48b2-bd29-ea4308a91442","image_id":"6cccb629-50af-4068-81ff-2e41c109f095","image_name":"Ubuntu2204Desktop","key_pair":"","metadata":null,"name":"BLUE-LIN-01","network":[{"access_network":false,"fixed_ip_v4":"10.10.10.45","fixed_ip_v6":"","mac":"fa:16:3e:72:a1:ee","name":"SCPmainnet","port":"","uuid":"ec2ac4a5-e5af-464c-bb0c-f65bad9e2f43"}],"network_mode":null,"personality":[],"power_state":"active","region":"CyberRange","scheduler_hints":[],"security_groups":["blue-workstations-ssh","default"],"stop_before_destroy":false,"tags":[],"timeouts":null,"updated":"2026-04-17 23:13:55 +0000 UTC","user_data":null,"vendor_options":[]},"sensitive_attributes":[[{"type":"get_attr","value":"admin_pass"}]],"private":"eyJlMmJmYjczMC1lY2FhLTExZTYtOGY4OC0zNDM2M2JjN2M0YzAiOnsiY3JlYXRlIjoxODAwMDAwMDAwMDAwLCJkZWxldGUiOjE4MDAwMDAwMDAwMDAsInVwZGF0ZSI6MTgwMDAwMDAwMDAwMH19","dependencies":["data.openstack_networking_secgroup_v2.blueteam"]},{"index_key":"02","schema_version":0,"attributes":{"access_ip_v4":"10.10.10.46","access_ip_v6":"","admin_pass":null,"all_metadata":{},"all_tags":[],"availability_zone":"nova","availability_zone_hints":null,"block_device":[],"config_drive":null,"created":"2026-04-17 23:13:22 +0000 UTC","flavor_id":"99e6ce94-23fd-49aa-9d39-b87562583fcd","flavor_name":"large","force_delete":false,"hypervisor_hostname":"","id":"1e742f18-1b39-420e-9313-a1cf2aba2b8d","image_id":"6cccb629-50af-4068-81ff-2e41c109f095","image_name":"Ubuntu2204Desktop","key_pair":"","metadata":null,"name":"BLUE-LIN-02","network":[{"access_network":false,"fixed_ip_v4":"10.10.10.46","fixed_ip_v6":"","mac":"fa:16:3e:eb:e8:8c","name":"SCPmainnet","port":"","uuid":"ec2ac4a5-e5af-464c-bb0c-f65bad9e2f43"}],"network_mode":null,"personality":[],"power_state":"active","region":"CyberRange","scheduler_hints":[],"security_groups":["blue-workstations-ssh","default"],"stop_before_destroy":false,"tags":[],"timeouts":null,"updated":"2026-04-17 23:13:50 +0000 UTC","user_data":null,"vendor_options":[]},"sensitive_attributes":[[{"type":"get_attr","value":"admin_pass"}]],"private":"eyJlMmJmYjczMC1lY2FhLTExZTYtOGY4OC0zNDM2M2JjN2M0YzAiOnsiY3JlYXRlIjoxODAwMDAwMDAwMDAwLCJkZWxldGUiOjE4MDAwMDAwMDAwMDAsInVwZGF0ZSI6MTgwMDAwMDAwMDAwMH19","dependencies":["data.openstack_networking_secgroup_v2.blueteam"]},{"index_key":"03","schema_version":0,"attributes":{"access_ip_v4":"10.10.10.47","access_ip_v6":"","admin_pass":null,"all_metadata":{},"all_tags":[],"availability_zone":"nova","availability_zone_hints":null,"block_device":[],"config_drive":null,"created":"2026-04-17 23:13:22 +0000 UTC","flavor_id":"99e6ce94-23fd-49aa-9d39-b87562583fcd","flavor_name":"large","force_delete":false,"hypervisor_hostname":"","id":"0812d372-419b-4c9e-bd66-bcbcc468bc28","image_id":"6cccb629-50af-4068-81ff-2e41c109f095","image_name":"Ubuntu2204Desktop","key_pair":"","metadata":null,"name":"BLUE-LIN-03","network":[{"access_network":false,"fixed_ip_v4":"10.10.10.47","fixed_ip_v6":"","mac":"fa:16:3e:33:ff:9f","name":"SCPmainnet","port":"","uuid":"ec2ac4a5-e5af-464c-bb0c-f65bad9e2f43"}],"network_mode":null,"personality":[],"power_state":"active","region":"CyberRange","scheduler_hints":[],"security_groups":["blue-workstations-ssh","default"],"stop_before_destroy":false,"tags":[],"timeouts":null,"updated":"2026-04-17 23:13:58 +0000 UTC","user_data":null,"vendor_options":[]},"sensitive_attributes":[[{"type":"get_attr","value":"admin_pass"}]],"private":"eyJlMmJmYjczMC1lY2FhLTExZTYtOGY4OC0zNDM2M2JjN2M0YzAiOnsiY3JlYXRlIjoxODAwMDAwMDAwMDAwLCJkZWxldGUiOjE4MDAwMDAwMDAwMDAsInVwZGF0ZSI6MTgwMDAwMDAwMDAwMH19","dependencies":["data.openstack_networking_secgroup_v2.blueteam"]},{"index_key":"04","schema_version":0,"attributes":{"access_ip_v4":"10.10.10.48","access_ip_v6":"","admin_pass":null,"all_metadata":{},"all_tags":[],"availability_zone":"nova","availability_zone_hints":null,"block_device":[],"config_drive":null,"created":"2026-04-17 23:13:22 +0000 UTC","flavor_id":"99e6ce94-23fd-49aa-9d39-b87562583fcd","flavor_name":"large","force_delete":false,"hypervisor_hostname":"","id":"750e9dde-13f8-4055-8356-7044d42741ef","image_id":"6cccb629-50af-4068-81ff-2e41c109f095","image_name":"Ubuntu2204Desktop","key_pair":"","metadata":null,"name":"BLUE-LIN-04","network":[{"access_network":false,"fixed_ip_v4":"10.10.10.48","fixed_ip_v6":"","mac":"fa:16:3e:e8:f7:8c","name":"SCPmainnet","port":"","uuid":"ec2ac4a5-e5af-464c-bb0c-f65bad9e2f43"}],"network_mode":null,"personality":[],"power_state":"active","region":"CyberRange","scheduler_hints":[],"security_groups":["blue-workstations-ssh","default"],"stop_before_destroy":false,"tags":[],"timeouts":null,"updated":"2026-04-17 23:13:39 +0000 UTC","user_data":null,"vendor_options":[]},"sensitive_attributes":[[{"type":"get_attr","value":"admin_pass"}]],"private":"eyJlMmJmYjczMC1lY2FhLTExZTYtOGY4OC0zNDM2M2JjN2M0YzAiOnsiY3JlYXRlIjoxODAwMDAwMDAwMDAwLCJkZWxldGUiOjE4MDAwMDAwMDAwMDAsInVwZGF0ZSI6MTgwMDAwMDAwMDAwMH19","dependencies":["data.openstack_networking_secgroup_v2.blueteam"]},{"index_key":"05","schema_version":0,"attributes":{"access_ip_v4":"10.10.10.49","access_ip_v6":"","admin_pass":null,"all_metadata":{},"all_tags":[],"availability_zone":"nova","availability_zone_hints":null,"block_device":[],"config_drive":null,"created":"2026-04-17 23:13:22 +0000 UTC","flavor_id":"99e6ce94-23fd-49aa-9d39-b87562583fcd","flavor_name":"large","force_delete":false,"hypervisor_hostname":"","id":"1228f7a6-85b1-4431-9112-b156463c5c7a","image_id":"6cccb629-50af-4068-81ff-2e41c109f095","image_name":"Ubuntu2204Desktop","key_pair":"","metadata":null,"name":"BLUE-LIN-05","network":[{"access_network":false,"fixed_ip_v4":"10.10.10.49","fixed_ip_v6":"","mac":"fa:16:3e:2c:10:88","name":"SCPmainnet","port":"","uuid":"ec2ac4a5-e5af-464c-bb0c-f65bad9e2f43"}],"network_mode":null,"personality":[],"power_state":"active","region":"CyberRange","scheduler_hints":[],"security_groups":["blue-workstations-ssh","default"],"stop_before_destroy":false,"tags":[],"timeouts":null,"updated":"2026-04-17 23:13:45 +0000 UTC","user_data":null,"vendor_options":[]},"sensitive_attributes":[[{"type":"get_attr","value":"admin_pass"}]],"private":"eyJlMmJmYjczMC1lY2FhLTExZTYtOGY4OC0zNDM2M2JjN2M0YzAiOnsiY3JlYXRlIjoxODAwMDAwMDAwMDAwLCJkZWxldGUiOjE4MDAwMDAwMDAwMDAsInVwZGF0ZSI6MTgwMDAwMDAwMDAwMH19","dependencies":["data.openstack_networking_secgroup_v2.blueteam"]}]}],"check_results":[{"object_kind":"var","config_addr":"var.boot_network_id","status":"pass","objects":[{"object_addr":"var.boot_network_id","status":"pass"}]}]}
