{"version":4,"terraform_version":"1.11.6","serial":17,"lineage":"762c74a9-9c53-de30-4afc-00c776bd0db1","outputs":{"red_kali":{"value":{"RED-KALI-01":{"fixed_ip":"10.10.10.80","id":"5e0c4ed3-abeb-49d2-8bf4-ba1f1d92bedd"},"RED-KALI-02":{"fixed_ip":"10.10.10.81","id":"e9574e3d-854e-47b8-ae2d-20ff7c4f659c"},"RED-KALI-03":{"fixed_ip":"10.10.10.82","id":"e7488542-6272-4697-b2b4-9af505d213eb"},"RED-KALI-04":{"fixed_ip":"10.10.10.83","id":"1ec2df79-1f3c-42b0-a261-41c68c113bab"},"RED-KALI-05":{"fixed_ip":"10.10.10.84","id":"36b8fb47-45a1-4da6-8604-21150454f17a"},"RED-KALI-06":{"fixed_ip":"10.10.10.85","id":"86badb66-0ad4-4404-8a05-74b4e3d5cad2"}},"type":["object",{"RED-KALI-01":["object",{"fixed_ip":"string","id":"string"}],"RED-KALI-02":["object",{"fixed_ip":"string","id":"string"}],"RED-KALI-03":["object",{"fixed_ip":"string","id":"string"}],"RED-KALI-04":["object",{"fixed_ip":"string","id":"string"}],"RED-KALI-05":["object",{"fixed_ip":"string","id":"string"}],"RED-KALI-06":["object",{"fixed_ip":"string","id":"string"}]}]},"red_ubuntu":{"value":{"RED-UBUNTU-01":{"fixed_ip":"10.10.10.86","id":"6a82886a-a4f0-45c6-86d8-5bc633f9683e"},"RED-UBUNTU-02":{"fixed_ip":"10.10.10.87","id":"a90fde83-10b4-40af-a9f2-9dae71f24765"},"RED-UBUNTU-03":{"fixed_ip":"10.10.10.88","id":"0219972c-8642-4467-8153-32e0e3523a00"}},"type":["object",{"RED-UBUNTU-01":["object",{"fixed_ip":"string","id":"string"}],"RED-UBUNTU-02":["object",{"fixed_ip":"string","id":"string"}],"RED-UBUNTU-03":["object",{"fixed_ip":"string","id":"string"}]}]}},"resources":[{"mode":"managed","type":"openstack_compute_instance_v2","name":"red_kali","provider":"provider[\"registry.opentofu.org/terraform-provider-openstack/openstack\"].red","instances":[{"index_key":"01","schema_version":0,"attributes":{"access_ip_v4":"10.10.10.80","access_ip_v6":"","admin_pass":null,"all_metadata":{},"all_tags":[],"availability_zone":"nova","availability_zone_hints":null,"block_device":[],"config_drive":true,"created":"2026-04-17 22:12:18 +0000 UTC","flavor_id":"99e6ce94-23fd-49aa-9d39-b87562583fcd","flavor_name":"large","force_delete":false,"hypervisor_hostname":"","id":"5e0c4ed3-abeb-49d2-8bf4-ba1f1d92bedd","image_id":"56900eb1-e0b2-46fc-ac61-4839f231eb4d","image_name":"Kali2025","key_pair":"","metadata":null,"name":"RED-KALI-01","network":[{"access_network":false,"fixed_ip_v4":"10.10.10.80","fixed_ip_v6":"","mac":"fa:16:3e:cf:93:cb","name":"SCPmainnet","port":"","uuid":"ec2ac4a5-e5af-464c-bb0c-f65bad9e2f43"}],"network_mode":null,"personality":[],"power_state":"active","region":"CyberRange","scheduler_hints":[],"security_groups":["default"],"stop_before_destroy":false,"tags":null,"timeouts":null,"updated":"2026-04-17 22:12:46 +0000 UTC","user_data":"34c6592d5429c85180dcd213a6b766779931b0ee","vendor_options":[]},"sensitive_attributes":[[{"type":"get_attr","value":"admin_pass"}],[{"type":"get_attr","value":"user_data"}]],"private":"eyJlMmJmYjczMC1lY2FhLTExZTYtOGY4OC0zNDM2M2JjN2M0YzAiOnsiY3JlYXRlIjoxODAwMDAwMDAwMDAwLCJkZWxldGUiOjE4MDAwMDAwMDAwMDAsInVwZGF0ZSI6MTgwMDAwMDAwMDAwMH19"},{"index_key":"02","schema_version":0,"attributes":{"access_ip_v4":"10.10.10.81","access_ip_v6":"","admin_pass":null,"all_metadata":{},"all_tags":[],"availability_zone":"nova","availability_zone_hints":null,"block_device":[],"config_drive":true,"created":"2026-04-17 22:12:18 +0000 UTC","flavor_id":"99e6ce94-23fd-49aa-9d39-b87562583fcd","flavor_name":"large","force_delete":false,"hypervisor_hostname":"","id":"e9574e3d-854e-47b8-ae2d-20ff7c4f659c","image_id":"56900eb1-e0b2-46fc-ac61-4839f231eb4d","image_name":"Kali2025","key_pair":"","metadata":null,"name":"RED-KALI-02","network":[{"access_network":false,"fixed_ip_v4":"10.10.10.81","fixed_ip_v6":"","mac":"fa:16:3e:76:ba:e9","name":"SCPmainnet","port":"","uuid":"ec2ac4a5-e5af-464c-bb0c-f65bad9e2f43"}],"network_mode":null,"personality":[],"power_state":"active","region":"CyberRange","scheduler_hints":[],"security_groups":["default"],"stop_before_destroy":false,"tags":null,"timeouts":null,"updated":"2026-04-17 22:12:36 +0000 UTC","user_data":"34c6592d5429c85180dcd213a6b766779931b0ee","vendor_options":[]},"sensitive_attributes":[[{"type":"get_attr","value":"admin_pass"}],[{"type":"get_attr","value":"user_data"}]],"private":"eyJlMmJmYjczMC1lY2FhLTExZTYtOGY4OC0zNDM2M2JjN2M0YzAiOnsiY3JlYXRlIjoxODAwMDAwMDAwMDAwLCJkZWxldGUiOjE4MDAwMDAwMDAwMDAsInVwZGF0ZSI6MTgwMDAwMDAwMDAwMH19"},{"index_key":"03","schema_version":0,"attributes":{"access_ip_v4":"10.10.10.82","access_ip_v6":"","admin_pass":null,"all_metadata":{},"all_tags":[],"availability_zone":"nova","availability_zone_hints":null,"block_device":[],"config_drive":true,"created":"2026-04-17 22:12:18 +0000 UTC","flavor_id":"99e6ce94-23fd-49aa-9d39-b87562583fcd","flavor_name":"large","force_delete":false,"hypervisor_hostname":"","id":"e7488542-6272-4697-b2b4-9af505d213eb","image_id":"56900eb1-e0b2-46fc-ac61-4839f231eb4d","image_name":"Kali2025","key_pair":"","metadata":null,"name":"RED-KALI-03","network":[{"access_network":false,"fixed_ip_v4":"10.10.10.82","fixed_ip_v6":"","mac":"fa:16:3e:dc:e6:57","name":"SCPmainnet","port":"","uuid":"ec2ac4a5-e5af-464c-bb0c-f65bad9e2f43"}],"network_mode":null,"personality":[],"power_state":"active","region":"CyberRange","scheduler_hints":[],"security_groups":["default"],"stop_before_destroy":false,"tags":null,"timeouts":null,"updated":"2026-04-17 22:12:41 +0000 UTC","user_data":"34c6592d5429c85180dcd213a6b766779931b0ee","vendor_options":[]},"sensitive_attributes":[[{"type":"get_attr","value":"admin_pass"}],[{"type":"get_attr","value":"user_data"}]],"private":"eyJlMmJmYjczMC1lY2FhLTExZTYtOGY4OC0zNDM2M2JjN2M0YzAiOnsiY3JlYXRlIjoxODAwMDAwMDAwMDAwLCJkZWxldGUiOjE4MDAwMDAwMDAwMDAsInVwZGF0ZSI6MTgwMDAwMDAwMDAwMH19"},{"index_key":"04","schema_version":0,"attributes":{"access_ip_v4":"10.10.10.83","access_ip_v6":"","admin_pass":null,"all_metadata":{},"all_tags":[],"availability_zone":"nova","availability_zone_hints":null,"block_device":[],"config_drive":true,"created":"2026-04-17 22:12:18 +0000 UTC","flavor_id":"99e6ce94-23fd-49aa-9d39-b87562583fcd","flavor_name":"large","force_delete":false,"hypervisor_hostname":"","id":"1ec2df79-1f3c-42b0-a261-41c68c113bab","image_id":"56900eb1-e0b2-46fc-ac61-4839f231eb4d","image_name":"Kali2025","key_pair":"","metadata":null,"name":"RED-KALI-04","network":[{"access_network":false,"fixed_ip_v4":"10.10.10.83","fixed_ip_v6":"","mac":"fa:16:3e:12:63:87","name":"SCPmainnet","port":"","uuid":"ec2ac4a5-e5af-464c-bb0c-f65bad9e2f43"}],"network_mode":null,"personality":[],"power_state":"active","region":"CyberRange","scheduler_hints":[],"security_groups":["default"],"stop_before_destroy":false,"tags":null,"timeouts":null,"updated":"2026-04-17 22:13:01 +0000 UTC","user_data":"34c6592d5429c85180dcd213a6b766779931b0ee","vendor_options":[]},"sensitive_attributes":[[{"type":"get_attr","value":"admin_pass"}],[{"type":"get_attr","value":"user_data"}]],"private":"eyJlMmJmYjczMC1lY2FhLTExZTYtOGY4OC0zNDM2M2JjN2M0YzAiOnsiY3JlYXRlIjoxODAwMDAwMDAwMDAwLCJkZWxldGUiOjE4MDAwMDAwMDAwMDAsInVwZGF0ZSI6MTgwMDAwMDAwMDAwMH19"},{"index_key":"05","schema_version":0,"attributes":{"access_ip_v4":"10.10.10.84","access_ip_v6":"","admin_pass":null,"all_metadata":{},"all_tags":[],"availability_zone":"nova","availability_zone_hints":null,"block_device":[],"config_drive":true,"created":"2026-04-17 22:12:18 +0000 UTC","flavor_id":"99e6ce94-23fd-49aa-9d39-b87562583fcd","flavor_name":"large","force_delete":false,"hypervisor_hostname":"","id":"36b8fb47-45a1-4da6-8604-21150454f17a","image_id":"56900eb1-e0b2-46fc-ac61-4839f231eb4d","image_name":"Kali2025","key_pair":"","metadata":null,"name":"RED-KALI-05","network":[{"access_network":false,"fixed_ip_v4":"10.10.10.84","fixed_ip_v6":"","mac":"fa:16:3e:57:cf:d7","name":"SCPmainnet","port":"","uuid":"ec2ac4a5-e5af-464c-bb0c-f65bad9e2f43"}],"network_mode":null,"personality":[],"power_state":"active","region":"CyberRange","scheduler_hints":[],"security_groups":["default"],"stop_before_destroy":false,"tags":null,"timeouts":null,"updated":"2026-04-17 22:13:17 +0000 UTC","user_data":"34c6592d5429c85180dcd213a6b766779931b0ee","vendor_options":[]},"sensitive_attributes":[[{"type":"get_attr","value":"admin_pass"}],[{"type":"get_attr","value":"user_data"}]],"private":"eyJlMmJmYjczMC1lY2FhLTExZTYtOGY4OC0zNDM2M2JjN2M0YzAiOnsiY3JlYXRlIjoxODAwMDAwMDAwMDAwLCJkZWxldGUiOjE4MDAwMDAwMDAwMDAsInVwZGF0ZSI6MTgwMDAwMDAwMDAwMH19"},{"index_key":"06","schema_version":0,"attributes":{"access_ip_v4":"10.10.10.85","access_ip_v6":"","admin_pass":null,"all_metadata":{},"all_tags":[],"availability_zone":"nova","availability_zone_hints":null,"block_device":[],"config_drive":true,"created":"2026-04-17 22:12:18 +0000 UTC","flavor_id":"99e6ce94-23fd-49aa-9d39-b87562583fcd","flavor_name":"large","force_delete":false,"hypervisor_hostname":"","id":"86badb66-0ad4-4404-8a05-74b4e3d5cad2","image_id":"56900eb1-e0b2-46fc-ac61-4839f231eb4d","image_name":"Kali2025","key_pair":"","metadata":null,"name":"RED-KALI-06","network":[{"access_network":false,"fixed_ip_v4":"10.10.10.85","fixed_ip_v6":"","mac":"fa:16:3e:ce:4f:cd","name":"SCPmainnet","port":"","uuid":"ec2ac4a5-e5af-464c-bb0c-f65bad9e2f43"}],"network_mode":null,"personality":[],"power_state":"active","region":"CyberRange","scheduler_hints":[],"security_groups":["default"],"stop_before_destroy":false,"tags":null,"timeouts":null,"updated":"2026-04-17 22:12:51 +0000 UTC","user_data":"34c6592d5429c85180dcd213a6b766779931b0ee","vendor_options":[]},"sensitive_attributes":[[{"type":"get_attr","value":"admin_pass"}],[{"type":"get_attr","value":"user_data"}]],"private":"eyJlMmJmYjczMC1lY2FhLTExZTYtOGY4OC0zNDM2M2JjN2M0YzAiOnsiY3JlYXRlIjoxODAwMDAwMDAwMDAwLCJkZWxldGUiOjE4MDAwMDAwMDAwMDAsInVwZGF0ZSI6MTgwMDAwMDAwMDAwMH19"}]},{"mode":"managed","type":"openstack_compute_instance_v2","name":"red_ubuntu","provider":"provider[\"registry.opentofu.org/terraform-provider-openstack/openstack\"].red","instances":[{"index_key":"01","schema_version":0,"attributes":{"access_ip_v4":"10.10.10.86","access_ip_v6":"","admin_pass":null,"all_metadata":{},"all_tags":[],"availability_zone":"nova","availability_zone_hints":null,"block_device":[],"config_drive":null,"created":"2026-04-17 22:12:18 +0000 UTC","flavor_id":"99e6ce94-23fd-49aa-9d39-b87562583fcd","flavor_name":"large","force_delete":false,"hypervisor_hostname":"","id":"6a82886a-a4f0-45c6-86d8-5bc633f9683e","image_id":"6cccb629-50af-4068-81ff-2e41c109f095","image_name":"Ubuntu2204Desktop","key_pair":"","metadata":null,"name":"RED-UBUNTU-01","network":[{"access_network":false,"fixed_ip_v4":"10.10.10.86","fixed_ip_v6":"","mac":"fa:16:3e:ba:ca:ac","name":"SCPmainnet","port":"","uuid":"ec2ac4a5-e5af-464c-bb0c-f65bad9e2f43"}],"network_mode":null,"personality":[],"power_state":"active","region":"CyberRange","scheduler_hints":[],"security_groups":["default"],"stop_before_destroy":false,"tags":null,"timeouts":null,"updated":"2026-04-17 22:13:07 +0000 UTC","user_data":null,"vendor_options":[]},"sensitive_attributes":[[{"type":"get_attr","value":"admin_pass"}]],"private":"eyJlMmJmYjczMC1lY2FhLTExZTYtOGY4OC0zNDM2M2JjN2M0YzAiOnsiY3JlYXRlIjoxODAwMDAwMDAwMDAwLCJkZWxldGUiOjE4MDAwMDAwMDAwMDAsInVwZGF0ZSI6MTgwMDAwMDAwMDAwMH19"},{"index_key":"02","schema_version":0,"attributes":{"access_ip_v4":"10.10.10.87","access_ip_v6":"","admin_pass":null,"all_metadata":{},"all_tags":[],"availability_zone":"nova","availability_zone_hints":null,"block_device":[],"config_drive":null,"created":"2026-04-17 22:12:18 +0000 UTC","flavor_id":"99e6ce94-23fd-49aa-9d39-b87562583fcd","flavor_name":"large","force_delete":false,"hypervisor_hostname":"","id":"a90fde83-10b4-40af-a9f2-9dae71f24765","image_id":"6cccb629-50af-4068-81ff-2e41c109f095","image_name":"Ubuntu2204Desktop","key_pair":"","metadata":null,"name":"RED-UBUNTU-02","network":[{"access_network":false,"fixed_ip_v4":"10.10.10.87","fixed_ip_v6":"","mac":"fa:16:3e:ac:69:cc","name":"SCPmainnet","port":"","uuid":"ec2ac4a5-e5af-464c-bb0c-f65bad9e2f43"}],"network_mode":null,"personality":[],"power_state":"active","region":"CyberRange","scheduler_hints":[],"security_groups":["default"],"stop_before_destroy":false,"tags":null,"timeouts":null,"updated":"2026-04-17 22:13:12 +0000 UTC","user_data":null,"vendor_options":[]},"sensitive_attributes":[[{"type":"get_attr","value":"admin_pass"}]],"private":"eyJlMmJmYjczMC1lY2FhLTExZTYtOGY4OC0zNDM2M2JjN2M0YzAiOnsiY3JlYXRlIjoxODAwMDAwMDAwMDAwLCJkZWxldGUiOjE4MDAwMDAwMDAwMDAsInVwZGF0ZSI6MTgwMDAwMDAwMDAwMH19"},{"index_key":"03","schema_version":0,"attributes":{"access_ip_v4":"10.10.10.88","access_ip_v6":"","admin_pass":null,"all_metadata":{},"all_tags":[],"availability_zone":"nova","availability_zone_hints":null,"block_device":[],"config_drive":null,"created":"2026-04-17 22:12:18 +0000 UTC","flavor_id":"99e6ce94-23fd-49aa-9d39-b87562583fcd","flavor_name":"large","force_delete":false,"hypervisor_hostname":"","id":"0219972c-8642-4467-8153-32e0e3523a00","image_id":"6cccb629-50af-4068-81ff-2e41c109f095","image_name":"Ubuntu2204Desktop","key_pair":"","metadata":null,"name":"RED-UBUNTU-03","network":[{"access_network":false,"fixed_ip_v4":"10.10.10.88","fixed_ip_v6":"","mac":"fa:16:3e:fe:46:f8","name":"SCPmainnet","port":"","uuid":"ec2ac4a5-e5af-464c-bb0c-f65bad9e2f43"}],"network_mode":null,"personality":[],"power_state":"active","region":"CyberRange","scheduler_hints":[],"security_groups":["default"],"stop_before_destroy":false,"tags":null,"timeouts":null,"updated":"2026-04-17 22:12:56 +0000 UTC","user_data":null,"vendor_options":[]},"sensitive_attributes":[[{"type":"get_attr","value":"admin_pass"}]],"private":"eyJlMmJmYjczMC1lY2FhLTExZTYtOGY4OC0zNDM2M2JjN2M0YzAiOnsiY3JlYXRlIjoxODAwMDAwMDAwMDAwLCJkZWxldGUiOjE4MDAwMDAwMDAwMDAsInVwZGF0ZSI6MTgwMDAwMDAwMDAwMH19"}]}],"check_results":[{"object_kind":"var","config_addr":"var.boot_network_id","status":"pass","objects":[{"object_addr":"var.boot_network_id","status":"pass"}]}]}
